{
  "name": "cccdb",
  "lockfileVersion": 3,
  "requires": true,
  "packages": {
    "": {
      "dependencies": {
        "remixicon": "^4.6.0",
        "select2": "^4.1.0-rc.0",
        "typed.js": "^2.1.0"
      }
    },
    "node_modules/remixicon": {
      "version": "4.6.0",
      "resolved": "https://registry.npmjs.org/remixicon/-/remixicon-4.6.0.tgz",
      "integrity": "sha512-bKM5odjqE1yzVxEZGJE7F79WHhNrJFIKHXR+GG+P1IWXn8AnJZhl8SbIRDJsNAvIqx4VPkNwjuHfc42tutMDpQ==",
      "license": "Apache-2.0"
    },
    "node_modules/select2": {
      "version": "4.1.0-rc.0",
      "resolved": "https://registry.npmjs.org/select2/-/select2-4.1.0-rc.0.tgz",
      "integrity": "sha512-Hr9TdhyHCZUtwznEH2CBf7967mEM0idtJ5nMtjvk3Up5tPukOLXbHUNmh10oRfeNIhj+3GD3niu+g6sVK+gK0A==",
      "license": "MIT"
    },
    "node_modules/typed.js": {
      "version": "2.1.0",
      "resolved": "https://registry.npmjs.org/typed.js/-/typed.js-2.1.0.tgz",
      "integrity": "sha512-bDuXEf7YcaKN4g08NMTUM6G90XU25CK3bh6U0THC/Mod/QPKlEt9g/EjvbYB8x2Qwr2p6J6I3NrsoYaVnY6wsQ==",
      "license": "MIT"
    }
  }
}
